Microsoft Visual Studio Solution File, Format Version 12.00
# Visual Studio Version 16
VisualStudioVersion = 16.0.29424.173
MinimumVisualStudioVersion = 10.0.40219.1
Project("{F184B08F-C81C-45F6-A57F-5ABD9991F28F}") = "App", "FileMakerOdbcDebugger.App\App.vbproj", "{CC05756B-BC75-4300-B46F-8F5B4E50DC26}"
EndProject
Project("{930C7802-8A8C-48F9-8165-68863BCCD9DD}") = "Installer", "FileMakerOdbcDebugger.Installer\Installer.wixproj", "{5A094C1B-F42F-4194-9224-75A120372B86}"
EndProject
Project("{FAE04EC0-301F-11D3-BF4B-00C04F79EFBC}") = "Util", "FileMakerOdbcDebugger.Util\Util.csproj", "{432B0CE0-EE7D-4DFB-B962-7B67A4F15AE2}"
EndProject
Project("{FAE04EC0-301F-11D3-BF4B-00C04F79EFBC}") = "Util.Tests", "FileMakerOdbcDebugger.Util.Tests\Util.Tests.csproj", "{A1F07354-73D6-486A-8D4C-3B9F6FD115F3}"
EndProject
Global
	GlobalSection(SolutionConfigurationPlatforms) = preSolution
		Debug|Any CPU = Debug|Any CPU
		Debug|x64 = Debug|x64
		Debug|x86 = Debug|x86
		Release|Any CPU = Release|Any CPU
		Release|x64 = Release|x64
		Release|x86 = Release|x86
	EndGlobalSection
	GlobalSection(ProjectConfigurationPlatforms) = postSolution
		{CC05756B-BC75-4300-B46F-8F5B4E50DC26}.Debug|Any CPU.ActiveCfg = Debug|x64
		{CC05756B-BC75-4300-B46F-8F5B4E50DC26}.Debug|Any CPU.Build.0 = Debug|x64
		{CC05756B-BC75-4300-B46F-8F5B4E50DC26}.Debug|x64.ActiveCfg = Debug|x64
		{CC05756B-BC75-4300-B46F-8F5B4E50DC26}.Debug|x64.Build.0 = Debug|x64
		{CC05756B-BC75-4300-B46F-8F5B4E50DC26}.Debug|x86.ActiveCfg = Debug|x64
		{CC05756B-BC75-4300-B46F-8F5B4E50DC26}.Debug|x86.Build.0 = Debug|x64
		{CC05756B-BC75-4300-B46F-8F5B4E50DC26}.Release|Any CPU.ActiveCfg = Release|x64
		{CC05756B-BC75-4300-B46F-8F5B4E50DC26}.Release|x64.ActiveCfg = Release|x64
		{CC05756B-BC75-4300-B46F-8F5B4E50DC26}.Release|x64.Build.0 = Release|x64
		{CC05756B-BC75-4300-B46F-8F5B4E50DC26}.Release|x86.ActiveCfg = Release|x64
		{CC05756B-BC75-4300-B46F-8F5B4E50DC26}.Release|x86.Build.0 = Release|x64
		{5A094C1B-F42F-4194-9224-75A120372B86}.Debug|Any CPU.ActiveCfg = Debug|x86
		{5A094C1B-F42F-4194-9224-75A120372B86}.Debug|x64.ActiveCfg = Debug|x64
		{5A094C1B-F42F-4194-9224-75A120372B86}.Debug|x64.Build.0 = Debug|x64
		{5A094C1B-F42F-4194-9224-75A120372B86}.Debug|x86.ActiveCfg = Debug|x86
		{5A094C1B-F42F-4194-9224-75A120372B86}.Debug|x86.Build.0 = Debug|x86
		{5A094C1B-F42F-4194-9224-75A120372B86}.Release|Any CPU.ActiveCfg = Release|x86
		{5A094C1B-F42F-4194-9224-75A120372B86}.Release|x64.ActiveCfg = Release|x86
		{5A094C1B-F42F-4194-9224-75A120372B86}.Release|x86.ActiveCfg = Release|x86
		{5A094C1B-F42F-4194-9224-75A120372B86}.Release|x86.Build.0 = Release|x86
		{432B0CE0-EE7D-4DFB-B962-7B67A4F15AE2}.Debug|Any CPU.ActiveCfg = Debug|Any CPU
		{432B0CE0-EE7D-4DFB-B962-7B67A4F15AE2}.Debug|Any CPU.Build.0 = Debug|Any CPU
		{432B0CE0-EE7D-4DFB-B962-7B67A4F15AE2}.Debug|x64.ActiveCfg = Debug|Any CPU
		{432B0CE0-EE7D-4DFB-B962-7B67A4F15AE2}.Debug|x64.Build.0 = Debug|Any CPU
		{432B0CE0-EE7D-4DFB-B962-7B67A4F15AE2}.Debug|x86.ActiveCfg = Debug|Any CPU
		{432B0CE0-EE7D-4DFB-B962-7B67A4F15AE2}.Debug|x86.Build.0 = Debug|Any CPU
		{432B0CE0-EE7D-4DFB-B962-7B67A4F15AE2}.Release|Any CPU.ActiveCfg = Release|Any CPU
		{432B0CE0-EE7D-4DFB-B962-7B67A4F15AE2}.Release|Any CPU.Build.0 = Release|Any CPU
		{432B0CE0-EE7D-4DFB-B962-7B67A4F15AE2}.Release|x64.ActiveCfg = Release|Any CPU
		{432B0CE0-EE7D-4DFB-B962-7B67A4F15AE2}.Release|x64.Build.0 = Release|Any CPU
		{432B0CE0-EE7D-4DFB-B962-7B67A4F15AE2}.Release|x86.ActiveCfg = Release|Any CPU
		{432B0CE0-EE7D-4DFB-B962-7B67A4F15AE2}.Release|x86.Build.0 = Release|Any CPU
		{A1F07354-73D6-486A-8D4C-3B9F6FD115F3}.Debug|Any CPU.ActiveCfg = Debug|Any CPU
		{A1F07354-73D6-486A-8D4C-3B9F6FD115F3}.Debug|Any CPU.Build.0 = Debug|Any CPU
		{A1F07354-73D6-486A-8D4C-3B9F6FD115F3}.Debug|x64.ActiveCfg = Debug|x64
		{A1F07354-73D6-486A-8D4C-3B9F6FD115F3}.Debug|x64.Build.0 = Debug|x64
		{A1F07354-73D6-486A-8D4C-3B9F6FD115F3}.Debug|x86.ActiveCfg = Debug|Any CPU
		{A1F07354-73D6-486A-8D4C-3B9F6FD115F3}.Debug|x86.Build.0 = Debug|Any CPU
		{A1F07354-73D6-486A-8D4C-3B9F6FD115F3}.Release|Any CPU.ActiveCfg = Release|Any CPU
		{A1F07354-73D6-486A-8D4C-3B9F6FD115F3}.Release|Any CPU.Build.0 = Release|Any CPU
		{A1F07354-73D6-486A-8D4C-3B9F6FD115F3}.Release|x64.ActiveCfg = Release|x64
		{A1F07354-73D6-486A-8D4C-3B9F6FD115F3}.Release|x64.Build.0 = Release|x64
		{A1F07354-73D6-486A-8D4C-3B9F6FD115F3}.Release|x86.ActiveCfg = Release|Any CPU
		{A1F07354-73D6-486A-8D4C-3B9F6FD115F3}.Release|x86.Build.0 = Release|Any CPU
	EndGlobalSection
	GlobalSection(SolutionProperties) = preSolution
		HideSolutionNode = FALSE
	EndGlobalSection
	GlobalSection(ExtensibilityGlobals) = postSolution
		SolutionGuid = {ECCB2810-EE9B-4872-AB25-FFC7DF46B774}
	EndGlobalSection
EndGlobal
