
Microsoft Visual Studio Solution File, Format Version 11.00
# Visual Basic Express 2010
Project("{F184B08F-C81C-45F6-A57F-5ABD9991F28F}") = "FileMaker ODBC Query Tester", "FileMaker ODBC Query Tester\FileMaker ODBC Query Tester.vbproj", "{CC05756B-BC75-4300-B46F-8F5B4E50DC26}"
EndProject
Global
	GlobalSection(SolutionConfigurationPlatforms) = preSolution
		Debug|x86 = Debug|x86
		Release|x86 = Release|x86
	EndGlobalSection
	GlobalSection(ProjectConfigurationPlatforms) = postSolution
		{CC05756B-BC75-4300-B46F-8F5B4E50DC26}.Debug|x86.ActiveCfg = Debug|x86
		{CC05756B-BC75-4300-B46F-8F5B4E50DC26}.Debug|x86.Build.0 = Debug|x86
		{CC05756B-BC75-4300-B46F-8F5B4E50DC26}.Release|x86.ActiveCfg = Release|x86
		{CC05756B-BC75-4300-B46F-8F5B4E50DC26}.Release|x86.Build.0 = Release|x86
	EndGlobalSection
	GlobalSection(SolutionProperties) = preSolution
		HideSolutionNode = FALSE
	EndGlobalSection
EndGlobal
